version: 1
checksums:
  fdf23e1cc2ec83ec2119d6e6b991ce37:
    hello: f01e599cced8b7d7105329947b5096de
  fa34a32ee742667d36ef7288982efb9c:
    cancel: 2e2a849c2223911717de8caa2c71bade
    close: 2c2e22f8424a1031de89063bd0022e16
    chat.alert.deleteThread.description: b0cca6d07bbbd907b4d25dc2a1dbe2e3
    chat.alert.deleteThread.title: 3dea4a78f8c5c2073d8eab4aad3f2015
    chat.alert.shareThread.description: 38470c662f7c91952c7190a873d200ac
    chat.alert.shareThread.descriptionDanger: 85dad0b017b628e0c2e29abb45e3d5fa
    chat.alert.shareThread.title: e00e8208d2dd52a00a4cbccdc57199e3
    chat.components.chatSearchDialog.enterToSend.p2: 8200cd3e922c0c7e39704491c3e5773a
    chat.components.chatSearchDialog.noResultsFound: 8e37a23d37d7b4f501a20991a0d311ea
    chat.components.chatSearchDialog.placeholder: 2d652853f7644696961d0e41102ab5b6
    chat.interface.selectOrStart: 5ae94ab41d0b599f36924f5db15dd16d
    chat.interface.sendToStart: 6ba07995188dc929a2de0e8f0bb4d1ea
    chat.message.branch: 8ee786a7be37ef90ade2cd00741f8dd0
    chat.message.copy: 4de06ccf7d0ea910de03abfa965a61af
    chat.multiStreamConfirmDialog.description: 8eabadec77370a396bfd91ec2baddf48
    chat.multiStreamConfirmDialog.title: 8cb2a1e566120ab9a2519672e4086692
    chat.provider.groq: 4d333e72cbcb95703014a55d715eb935
    chat.provider.google: 6cc462fb53d90d404f48d5a6695c1de1
    chat.provider.anthropic: cef2eed0c62f6a7dc0fe0df652bfb162
    chat.provider.hosted: 582f9507edebe074a4e28c50934142c1
    chat.provider.openai: 386a12cfe55562a8e181c9bfcac6b156
    chat.provider.openrouter: 6b69e3f00f088bceefec2df193999b61
    chat.settings.general.shortcuts.newChat: 3d7b701878aca8e2dbb7c6732f7f3bee
    chat.settings.general.shortcuts.search: 49dd6c21604b5e8d4153ff1aff2177e1
    chat.settings.general.shortcuts.toggleSettings: 5a73e6330a42000e225218d844d96f59
    chat.settings.general.shortcuts.toggleSidebar: 0ef91fcb33b04612eb8a202f673d7881
    chat.settings.general.title: 651afaa0d070ecc9a98b70581e25872f
    chat.settings.providers.title: 885363f661b972c99ee993471ffd3668
    chat.settings.providerDialog.description: 714bdd74c5dfa51ebdeed2a0bc6c7644
    chat.settings.providerDialog.form.apiKey: ce825fec5b3e1f8e27c45b1a63619985
    chat.settings.providerDialog.form.models: d7687c91fa3ba81da866dee3becc5b5b
    chat.sidebar.newChat: 3d7b701878aca8e2dbb7c6732f7f3bee
    chat.sidebar.search.placeholder: 7dead413e5e7e09286f0aaa95a755d6a
    chat.sidebar.threads.empty: eaa3199ed3ba5dd2bb3988ea999649e3
    chat.sidebar.threads.loading: c0591fcc6aa3eb6092ab4f4ce577804c
    chat.thread.branchedFrom: 9235ad091f1d3b7f65a33b2e906674ad
    chat.thread.delete: 3dea4a78f8c5c2073d8eab4aad3f2015
    chat.thread.freeze: b90fc4e37a58e2f60fbc9a25945b2138
    chat.thread.frozen: 69fa1ed78bb636c218ec3d95eae69bca
    chat.thread.frozenWithDescription: 5cf38e514472bed10297a7936924737f
    chat.thread.pin: 8f1062e24a5a0f9fdfce1a070e8ab476
    chat.thread.share: 3a257c0d42ffa5ed6eddfc71e46db6c0
    chat.thread.unfreeze: 0fcaf656c357870fb42132f7342aa23a
    chat.thread.unpin: 9f3e0c1a25452b171dfffee566e11d49
    chat.toast.menuOpenedFirstTime: eaf71306cc359e6f887ea63200ed8758
    chat.toast.threadBranched: edc2466649225081b38d4c6fe1dd27cf
    chat.toast.threadRemovedExternal: db7f0c7a17abd8f2fa3bdf24f0e81377
    chat.toast.threadNameRemovedExternal: 4a962f76e9e63e9c764659f88661058c
    chat.toast.threadShareLinkCopied: 301236632c59a15e329f433e7b4a3706
    chat.typeYourMessageHere: 592c39355ee2ce96113655e58b1e65c9
    components.convexIntegrationTest.addTask.label: 94bfce6a5916c8955cea8d04ad41c10e
    components.convexIntegrationTest.addTask.placeholder: cfe9cb319a1f23515f7c2215dba202a3
    components.convexIntegrationTest.authenticated: 7aeaface3edc0f5dca2c8ebd6c7e1974
    components.convexIntegrationTest.configuredUrl: ca306d17f0a8f6bd7e0b9b2efcf23fe7
    components.convexIntegrationTest.tasksList.empty: 353f149e9225b37a2651116189d0bb78
    components.convexIntegrationTest.tasksList.title: efde951ded884b7dbf0f81e45d93a8f9
    components.convexIntegrationTest.testBackendButton.authInfo: 28db481eb12a77d89bf451f64a55c1c2
    components.convexIntegrationTest.testBackendButton.fetchTasks: 9f58d5b60b733446f4620c944400c102
    components.loadingScreen.loadingText: 82b4ea7ed1439094d7c4be13aaba9a66
    confirm: 90930b51154032f119fa75c1bd422d8b
    continue: 3cfba90b4600131e82fc4260c568d044
    form.tagsInput.placeholder: 133977f95325b7984689150a67113f25
    generating: 8a5d3a7701dc359fc48ee6f8a188e9c9
    getInputThoughtsPlaceholders.0: b238f585f7d4fd6212af6337eee21835
    getInputThoughtsPlaceholders.1: ff2ecc81d355fd46ca2826361c5c712e
    getInputThoughtsPlaceholders.2: d7b2928edf739f28537a3265dc77cd07
    getInputThoughtsPlaceholders.3: 3479ee682c9fb80136aeaf2dcfc98bed
    getInputThoughtsPlaceholders.4: d8066183252da11f7aec5ed285d3e9db
    getInputThoughtsPlaceholders.5: 88df70c64bb72bff66f8751fadf7d18f
    getInputThoughtsPlaceholders.6: 4f71356cca1a4d9b7c444dd216c5f81a
    getInputThoughtsPlaceholders.7: 615c6d538cc820ceb555c3112590e182
    getInputThoughtsPlaceholders.8: 25c12561f1c70b7b47c00628edbec9aa
    guest: 2aec6d6ebe0d9a1db0a5c8cd5a98b8c3
    keyboard-shortcuts: ef00d7494b69def6841620bd6554d040
    language: 277fd1a41cc237a437cd1d5e4a80463b
    loginToEnjoyMore: 047389679c35d5ff4ab81e5f65e303ec
    pages.chat.aiLabel: b764382ca31f0c1570802ead170ad235
    pages.chat.loginPrompt: b04016c6bb495df222e7ab52e2061921
    pages.chat.title: 1171b63c16b3431dca319af1804de2a0
    pages.chat.userLabel: db2a4a796b70cc1430d1b21f6ffb6dcb
    pages.home.apiResponse.empty: 0ae6634426bd0372d82f5bcd0441f67e
    pages.home.apiResponse.label: be9e665e68a577f856af838006a9fe43
    pages.home.auth.signInButton: af443132de3ac7a259e74be030196343
    pages.home.auth.signOutButton: d25b033edb3bda68ed1651b163d46cf5
    pages.home.auth.status.label: 58fbc25327fff01e308134fc79cd9f59
    pages.home.auth.status.loading: 43adef6b38947e2741b1b6e0cd53335d
    pages.home.auth.status.loggedIn: 8083fdbc47baf927d6e0a190e2221e8b
    pages.home.auth.status.notLoggedIn: bb319f3116b5316a6a1452af9d4e4022
    pages.home.auth.userInfo.title: bd41c351694de310f4df7acfc4cd18a7
    pages.home.carousel.cardContent: ae26381cb32e52c9370e0fbd0afa5a6f
    pages.home.carousel.cardTitle: caf8dbd80e74baa9f9e44ce1d85b024b
    pages.home.dateDisplay.label: 7730e3d1139a831e126744cea74bad08
    pages.home.runtimeConfig.backendUrl: 3d4c5c5570a1c9603da2572e2b07f986
    pages.home.runtimeConfig.frontendUrl: 1a255752840e849b78524bb7d35f4ed5
    pages.home.section.apiInfo.title: 4c09c336b9adc9352fef063b0183687b
    pages.home.section.auth.title: 491fbb938cfe44df0438ad3e198d23e6
    pages.home.section.carousel.title: c5e00bc1a202aa5f3429541ffef0e07a
    pages.home.section.controls.title: b78956d14b87ee073e4bd7f111db8d2f
    pages.home.section.gridMaker.title: 55377e71931ef2e0e621967d55328552
    pages.home.section.sst.title: 3123abc16bac26da37c44ef5ccda2a21
    pages.home.section.tanstackQuery.description: ae42028e8f7dcbe405b9cda8aedde814
    pages.home.section.tanstackQuery.title: 6a0acb8cd38349fd65207efd93dadc9e
    pages.home.tanstackQuery.loading: 82b4ea7ed1439094d7c4be13aaba9a66
    pages.home.tanstackQuery.staleButton: 2faf7a33dd56f8a104c30ec5d5141edc
    pages.home.themeSwitcher.label: 21fe00b7a518089576fb83c08631107a
    pages.home.title: 104a3db3b671c04e167eafbe21e57881
    pages.test.convex.status.notFound: bf748ab28ff084adb68a5d24bcd95909
    pages.test.description: 2bb0336cb31d10a1bfb6164e4035207e
    pages.test.intro: 04c375b5393d5f318fd11c5c372122a9
    pages.test.section.convex.title: 39fdc104ff14fba826033e998c762a84
    pages.test.title: 82a46f197779af4dde92e7e5f9336ccf
    pinned: 9bc428a489e05402739d2a01cfbfa7d6
    recent: 2cef23d0cf0a6cabe9b8cf749549d6c7
    settings: 8df6777277469c1fd88cc18dde2f1cc3
    tip.holdShift: 895a995e323b21fd1de51496a994103d
    welcome: 3180ad6b8de344b781637750259e0f53
    nickname: e15cefebe5e78fba87e455bf246cee89
  bd59d862767f00d421bd4cacc7522c6c:
    hello-from-%2Fx: de51bbd5a66af7e24e90466431fa9006
